
Microsoft Visual Studio Solution File, Format Version 12.00
# Visual Studio Version 16
VisualStudioVersion = 16.0.30002.166
MinimumVisualStudioVersion = 10.0.40219.1
Project("{FAE04EC0-301F-11D3-BF4B-00C04F79EFBC}") = "prot1", "prot1\prot1.csproj", "{432205CA-ED3A-429F-8094-F97A4E932FA6}"
EndProject
Global
	GlobalSection(SolutionConfigurationPlatforms) = preSolution
		Debug|Any CPU = Debug|Any CPU
		Release|Any CPU = Release|Any CPU
	EndGlobalSection
	GlobalSection(ProjectConfigurationPlatforms) = postSolution
		{432205CA-ED3A-429F-8094-F97A4E932FA6}.Debug|Any CPU.ActiveCfg = Debug|Any CPU
		{432205CA-ED3A-429F-8094-F97A4E932FA6}.Debug|Any CPU.Build.0 = Debug|Any CPU
		{432205CA-ED3A-429F-8094-F97A4E932FA6}.Release|Any CPU.ActiveCfg = Release|Any CPU
		{432205CA-ED3A-429F-8094-F97A4E932FA6}.Release|Any CPU.Build.0 = Release|Any CPU
	EndGlobalSection
	GlobalSection(SolutionProperties) = preSolution
		HideSolutionNode = FALSE
	EndGlobalSection
	GlobalSection(ExtensibilityGlobals) = postSolution
		SolutionGuid = {D2DD9EA8-7D16-4038-83BE-3DB39B030B57}
	EndGlobalSection
EndGlobal
